
Microsoft Visual Studio Solution File, Format Version 12.00
#
Project("{FAE04EC0-301F-11D3-BF4B-00C04F79EFBC}") = "PingService", "PingService\PingService.csproj", "{9FCA9AA9-A965-43EF-BECF-1070153D5D4B}"
EndProject
Project("{FAE04EC0-301F-11D3-BF4B-00C04F79EFBC}") = "SharedMessages", "SharedMessages\SharedMessages.csproj", "{BB64F8CB-F93D-40D3-A08F-51C47607CA25}"
EndProject
Project("{FAE04EC0-301F-11D3-BF4B-00C04F79EFBC}") = "PongService", "PongService\PongService.csproj", "{44DDBB77-7B80-4324-B43B-88BACAC4950A}"
EndProject
Project("{FAE04EC0-301F-11D3-BF4B-00C04F79EFBC}") = "PingService.Tests", "PingService.Tests\PingService.Tests.csproj", "{F84922AD-D239-4623-8BC0-28078FD5466B}"
EndProject
Project("{FAE04EC0-301F-11D3-BF4B-00C04F79EFBC}") = "PingService.Service.Tets", "PingService.Service.Tets\PingService.Service.Tets.csproj", "{5D099EBF-E0EE-4DFA-BA72-25702E907721}"
EndProject
Project("{FAE04EC0-301F-11D3-BF4B-00C04F79EFBC}") = "Gateway", "Gateway\Gateway.csproj", "{6F79F8A9-C3B2-47A4-A904-0A896C1B59A5}"
EndProject
Project("{FAE04EC0-301F-11D3-BF4B-00C04F79EFBC}") = "AuthService", "AuthService\AuthService.csproj", "{E9C61337-A304-44F5-8917-4B136710845A}"
EndProject
Project("{FAE04EC0-301F-11D3-BF4B-00C04F79EFBC}") = "FooBar", "packages\FooBar\FooBar.csproj", "{FDE21A3C-60CC-4738-AD5F-0548C44478DC}"
EndProject
Global
	GlobalSection(SolutionConfigurationPlatforms) = preSolution
		Debug|Any CPU = Debug|Any CPU
		Release|Any CPU = Release|Any CPU
	EndGlobalSection
	GlobalSection(ProjectConfigurationPlatforms) = postSolution
		{9FCA9AA9-A965-43EF-BECF-1070153D5D4B}.Debug|Any CPU.ActiveCfg = Debug|Any CPU
		{9FCA9AA9-A965-43EF-BECF-1070153D5D4B}.Debug|Any CPU.Build.0 = Debug|Any CPU
		{9FCA9AA9-A965-43EF-BECF-1070153D5D4B}.Release|Any CPU.ActiveCfg = Release|Any CPU
		{9FCA9AA9-A965-43EF-BECF-1070153D5D4B}.Release|Any CPU.Build.0 = Release|Any CPU
		{BB64F8CB-F93D-40D3-A08F-51C47607CA25}.Debug|Any CPU.ActiveCfg = Debug|Any CPU
		{BB64F8CB-F93D-40D3-A08F-51C47607CA25}.Debug|Any CPU.Build.0 = Debug|Any CPU
		{BB64F8CB-F93D-40D3-A08F-51C47607CA25}.Release|Any CPU.ActiveCfg = Release|Any CPU
		{BB64F8CB-F93D-40D3-A08F-51C47607CA25}.Release|Any CPU.Build.0 = Release|Any CPU
		{44DDBB77-7B80-4324-B43B-88BACAC4950A}.Debug|Any CPU.ActiveCfg = Debug|Any CPU
		{44DDBB77-7B80-4324-B43B-88BACAC4950A}.Debug|Any CPU.Build.0 = Debug|Any CPU
		{44DDBB77-7B80-4324-B43B-88BACAC4950A}.Release|Any CPU.ActiveCfg = Release|Any CPU
		{44DDBB77-7B80-4324-B43B-88BACAC4950A}.Release|Any CPU.Build.0 = Release|Any CPU
		{F84922AD-D239-4623-8BC0-28078FD5466B}.Debug|Any CPU.ActiveCfg = Debug|Any CPU
		{F84922AD-D239-4623-8BC0-28078FD5466B}.Debug|Any CPU.Build.0 = Debug|Any CPU
		{F84922AD-D239-4623-8BC0-28078FD5466B}.Release|Any CPU.ActiveCfg = Release|Any CPU
		{F84922AD-D239-4623-8BC0-28078FD5466B}.Release|Any CPU.Build.0 = Release|Any CPU
		{5D099EBF-E0EE-4DFA-BA72-25702E907721}.Debug|Any CPU.ActiveCfg = Debug|Any CPU
		{5D099EBF-E0EE-4DFA-BA72-25702E907721}.Debug|Any CPU.Build.0 = Debug|Any CPU
		{5D099EBF-E0EE-4DFA-BA72-25702E907721}.Release|Any CPU.ActiveCfg = Release|Any CPU
		{5D099EBF-E0EE-4DFA-BA72-25702E907721}.Release|Any CPU.Build.0 = Release|Any CPU
		{6F79F8A9-C3B2-47A4-A904-0A896C1B59A5}.Debug|Any CPU.ActiveCfg = Debug|Any CPU
		{6F79F8A9-C3B2-47A4-A904-0A896C1B59A5}.Debug|Any CPU.Build.0 = Debug|Any CPU
		{6F79F8A9-C3B2-47A4-A904-0A896C1B59A5}.Release|Any CPU.ActiveCfg = Release|Any CPU
		{6F79F8A9-C3B2-47A4-A904-0A896C1B59A5}.Release|Any CPU.Build.0 = Release|Any CPU
		{E9C61337-A304-44F5-8917-4B136710845A}.Debug|Any CPU.ActiveCfg = Debug|Any CPU
		{E9C61337-A304-44F5-8917-4B136710845A}.Debug|Any CPU.Build.0 = Debug|Any CPU
		{E9C61337-A304-44F5-8917-4B136710845A}.Release|Any CPU.ActiveCfg = Release|Any CPU
		{E9C61337-A304-44F5-8917-4B136710845A}.Release|Any CPU.Build.0 = Release|Any CPU
		{FDE21A3C-60CC-4738-AD5F-0548C44478DC}.Debug|Any CPU.ActiveCfg = Debug|Any CPU
		{FDE21A3C-60CC-4738-AD5F-0548C44478DC}.Debug|Any CPU.Build.0 = Debug|Any CPU
		{FDE21A3C-60CC-4738-AD5F-0548C44478DC}.Release|Any CPU.ActiveCfg = Release|Any CPU
		{FDE21A3C-60CC-4738-AD5F-0548C44478DC}.Release|Any CPU.Build.0 = Release|Any CPU
	EndGlobalSection
EndGlobal
